
Microsoft Visual Studio Solution File, Format Version 12.00
# Visual Studio 14
VisualStudioVersion = 14.0.24720.0
MinimumVisualStudioVersion = 10.0.40219.1
Project("{FAE04EC0-301F-11D3-BF4B-00C04F79EFBC}") = "GDiK", "GDiK\GDiK.csproj", "{95FFD436-7548-4BBC-89A8-5B6BE1F0B84D}"
EndProject
Project("{FAE04EC0-301F-11D3-BF4B-00C04F79EFBC}") = "Laba2", "Laba2\Laba2.csproj", "{0AE0327C-FFDA-49C0-90C2-910424874161}"
EndProject
Project("{FAE04EC0-301F-11D3-BF4B-00C04F79EFBC}") = "Laba3", "Laba3\Laba3.csproj", "{F2E754D3-F274-4543-AABA-CCD27C693C01}"
EndProject
Project("{FAE04EC0-301F-11D3-BF4B-00C04F79EFBC}") = "Laba4", "Laba4\Laba4.csproj", "{FFEB4662-FEE9-4674-93A3-940DF27723AE}"
EndProject
Project("{FAE04EC0-301F-11D3-BF4B-00C04F79EFBC}") = "Lab3_Forms", "Lab3_Forms\Lab3_Forms.csproj", "{7567A273-87CA-45DA-950A-A9D3E7F1BA8A}"
EndProject
Global
	GlobalSection(SolutionConfigurationPlatforms) = preSolution
		Debug|Any CPU = Debug|Any CPU
		Release|Any CPU = Release|Any CPU
	EndGlobalSection
	GlobalSection(ProjectConfigurationPlatforms) = postSolution
		{95FFD436-7548-4BBC-89A8-5B6BE1F0B84D}.Debug|Any CPU.ActiveCfg = Debug|Any CPU
		{95FFD436-7548-4BBC-89A8-5B6BE1F0B84D}.Debug|Any CPU.Build.0 = Debug|Any CPU
		{95FFD436-7548-4BBC-89A8-5B6BE1F0B84D}.Release|Any CPU.ActiveCfg = Release|Any CPU
		{95FFD436-7548-4BBC-89A8-5B6BE1F0B84D}.Release|Any CPU.Build.0 = Release|Any CPU
		{0AE0327C-FFDA-49C0-90C2-910424874161}.Debug|Any CPU.ActiveCfg = Debug|Any CPU
		{0AE0327C-FFDA-49C0-90C2-910424874161}.Debug|Any CPU.Build.0 = Debug|Any CPU
		{0AE0327C-FFDA-49C0-90C2-910424874161}.Release|Any CPU.ActiveCfg = Release|Any CPU
		{0AE0327C-FFDA-49C0-90C2-910424874161}.Release|Any CPU.Build.0 = Release|Any CPU
		{F2E754D3-F274-4543-AABA-CCD27C693C01}.Debug|Any CPU.ActiveCfg = Debug|Any CPU
		{F2E754D3-F274-4543-AABA-CCD27C693C01}.Debug|Any CPU.Build.0 = Debug|Any CPU
		{F2E754D3-F274-4543-AABA-CCD27C693C01}.Release|Any CPU.ActiveCfg = Release|Any CPU
		{F2E754D3-F274-4543-AABA-CCD27C693C01}.Release|Any CPU.Build.0 = Release|Any CPU
		{FFEB4662-FEE9-4674-93A3-940DF27723AE}.Debug|Any CPU.ActiveCfg = Debug|Any CPU
		{FFEB4662-FEE9-4674-93A3-940DF27723AE}.Debug|Any CPU.Build.0 = Debug|Any CPU
		{FFEB4662-FEE9-4674-93A3-940DF27723AE}.Release|Any CPU.ActiveCfg = Release|Any CPU
		{FFEB4662-FEE9-4674-93A3-940DF27723AE}.Release|Any CPU.Build.0 = Release|Any CPU
		{7567A273-87CA-45DA-950A-A9D3E7F1BA8A}.Debug|Any CPU.ActiveCfg = Debug|Any CPU
		{7567A273-87CA-45DA-950A-A9D3E7F1BA8A}.Debug|Any CPU.Build.0 = Debug|Any CPU
		{7567A273-87CA-45DA-950A-A9D3E7F1BA8A}.Release|Any CPU.ActiveCfg = Release|Any CPU
		{7567A273-87CA-45DA-950A-A9D3E7F1BA8A}.Release|Any CPU.Build.0 = Release|Any CPU
	EndGlobalSection
	GlobalSection(SolutionProperties) = preSolution
		HideSolutionNode = FALSE
	EndGlobalSection
EndGlobal
